
Microsoft Visual Studio Solution File, Format Version 12.00
# Visual Studio Version 16
VisualStudioVersion = 16.0.32106.194
MinimumVisualStudioVersion = 10.0.40219.1
Project("{FAE04EC0-301F-11D3-BF4B-00C04F79EFBC}") = "ComGraph_Lab_1", "ComGraph_Lab_1.csproj", "{1B673707-AA67-48B6-9ABB-5F63FF63DBEC}"
EndProject
Global
	GlobalSection(SolutionConfigurationPlatforms) = preSolution
		Debug|Any CPU = Debug|Any CPU
		Release|Any CPU = Release|Any CPU
	EndGlobalSection
	GlobalSection(ProjectConfigurationPlatforms) = postSolution
		{1B673707-AA67-48B6-9ABB-5F63FF63DBEC}.Debug|Any CPU.ActiveCfg = Debug|Any CPU
		{1B673707-AA67-48B6-9ABB-5F63FF63DBEC}.Debug|Any CPU.Build.0 = Debug|Any CPU
		{1B673707-AA67-48B6-9ABB-5F63FF63DBEC}.Release|Any CPU.ActiveCfg = Release|Any CPU
		{1B673707-AA67-48B6-9ABB-5F63FF63DBEC}.Release|Any CPU.Build.0 = Release|Any CPU
	EndGlobalSection
	GlobalSection(SolutionProperties) = preSolution
		HideSolutionNode = FALSE
	EndGlobalSection
	GlobalSection(ExtensibilityGlobals) = postSolution
		SolutionGuid = {F9C91354-A257-4AB4-9106-8475DFB97644}
	EndGlobalSection
EndGlobal
